// !$*UTF8*$!
{
	archiveVersion = 1;
	classes = {
	};
	objectVersion = 60;
	objects = {

/* Begin PBXBuildFile section */
		00A000000000000000000001 /* SoundboardAppApp.swift in Sources */ = {isa = PBXBuildFile; fileRef = 00A000000000000000000010 /* SoundboardAppApp.swift */; };
		00A000000000000000000002 /* ContentView.swift in Sources */ = {isa = PBXBuildFile; fileRef = 00A000000000000000000011 /* ContentView.swift */; };
		00A000000000000000000003 /* SoundItem.swift in Sources */ = {isa = PBXBuildFile; fileRef = 00A000000000000000000012 /* SoundItem.swift */; };
		00A000000000000000000004 /* AudioPlayer.swift in Sources */ = {isa = PBXBuildFile; fileRef = 00A000000000000000000013 /* AudioPlayer.swift */; };
		00A000000000000000000005 /* Assets.xcassets in Resources */ = {isa = PBXBuildFile; fileRef = 00A000000000000000000020 /* Assets.xcassets */; };
		00A000000000000000000006 /* LaunchScreen.storyboard in Resources */ = {isa = PBXBuildFile; fileRef = 00A000000000000000000021 /* LaunchScreen.storyboard */; };
		00A000000000000000000007 /* beep_a.wav in Resources */ = {isa = PBXBuildFile; fileRef = 00A000000000000000000022 /* beep_a.wav */; };
		00A000000000000000000008 /* beep_b.wav in Resources */ = {isa = PBXBuildFile; fileRef = 00A000000000000000000023 /* beep_b.wav */; };
		00A000000000000000000200 /* beep_c.wav in Resources */ = {isa = PBXBuildFile; fileRef = 00A000000000000000000024 /* beep_c.wav */; };
		00A000000000000000000201 /* beep_d.wav in Resources */ = {isa = PBXBuildFile; fileRef = 00A000000000000000000025 /* beep_d.wav */; };
		00A000000000000000000202 /* beep_e.wav in Resources */ = {isa = PBXBuildFile; fileRef = 00A000000000000000000026 /* beep_e.wav */; };
		00A000000000000000000203 /* beep_f.wav in Resources */ = {isa = PBXBuildFile; fileRef = 00A000000000000000000027 /* beep_f.wav */; };
		00A000000000000000000204 /* beep_g.wav in Resources */ = {isa = PBXBuildFile; fileRef = 00A000000000000000000028 /* beep_g.wav */; };
		00A000000000000000000205 /* beep_h.wav in Resources */ = {isa = PBXBuildFile; fileRef = 00A000000000000000000029 /* beep_h.wav */; };
		00A000000000000000000206 /* beep_i.wav in Resources */ = {isa = PBXBuildFile; fileRef = 00A00000000000000000002A /* beep_i.wav */; };
		00A000000000000000000207 /* beep_j.wav in Resources */ = {isa = PBXBuildFile; fileRef = 00A00000000000000000002B /* beep_j.wav */; };
		00A000000000000000000208 /* beep_k.wav in Resources */ = {isa = PBXBuildFile; fileRef = 00A00000000000000000002C /* beep_k.wav */; };
		00A000000000000000000209 /* beep_l.wav in Resources */ = {isa = PBXBuildFile; fileRef = 00A00000000000000000002D /* beep_l.wav */; };
/* End PBXBuildFile section */

/* Begin PBXFileReference section */
		00A000000000000000000010 /* SoundboardAppApp.swift */ = {isa = PBXFileReference; lastKnownFileType = sourcecode.swift; path = SoundboardAppApp.swift; sourceTree = "<group>"; };
		00A000000000000000000011 /* ContentView.swift */ = {isa = PBXFileReference; lastKnownFileType = sourcecode.swift; path = ContentView.swift; sourceTree = "<group>"; };
		00A000000000000000000012 /* SoundItem.swift */ = {isa = PBXFileReference; lastKnownFileType = sourcecode.swift; path = SoundItem.swift; sourceTree = "<group>"; };
		00A000000000000000000013 /* AudioPlayer.swift */ = {isa = PBXFileReference; lastKnownFileType = sourcecode.swift; path = AudioPlayer.swift; sourceTree = "<group>"; };
		00A000000000000000000020 /* Assets.xcassets */ = {isa = PBXFileReference; lastKnownFileType = folder.assetcatalog; path = Assets.xcassets; sourceTree = "<group>"; };
		00A000000000000000000021 /* LaunchScreen.storyboard */ = {isa = PBXFileReference; lastKnownFileType = file.storyboard; path = LaunchScreen.storyboard; sourceTree = "<group>"; };
		00A000000000000000000022 /* beep_a.wav */ = {isa = PBXFileReference; lastKnownFileType = audio.wav; path = beep_a.wav; sourceTree = "<group>"; };
		00A000000000000000000023 /* beep_b.wav */ = {isa = PBXFileReference; lastKnownFileType = audio.wav; path = beep_b.wav; sourceTree = "<group>"; };
		00A000000000000000000024 /* beep_c.wav */ = {isa = PBXFileReference; lastKnownFileType = audio.wav; path = beep_c.wav; sourceTree = "<group>"; };
		00A000000000000000000025 /* beep_d.wav */ = {isa = PBXFileReference; lastKnownFileType = audio.wav; path = beep_d.wav; sourceTree = "<group>"; };
		00A000000000000000000026 /* beep_e.wav */ = {isa = PBXFileReference; lastKnownFileType = audio.wav; path = beep_e.wav; sourceTree = "<group>"; };
		00A000000000000000000027 /* beep_f.wav */ = {isa = PBXFileReference; lastKnownFileType = audio.wav; path = beep_f.wav; sourceTree = "<group>"; };
		00A000000000000000000028 /* beep_g.wav */ = {isa = PBXFileReference; lastKnownFileType = audio.wav; path = beep_g.wav; sourceTree = "<group>"; };
		00A000000000000000000029 /* beep_h.wav */ = {isa = PBXFileReference; lastKnownFileType = audio.wav; path = beep_h.wav; sourceTree = "<group>"; };
		00A00000000000000000002A /* beep_i.wav */ = {isa = PBXFileReference; lastKnownFileType = audio.wav; path = beep_i.wav; sourceTree = "<group>"; };
		00A00000000000000000002B /* beep_j.wav */ = {isa = PBXFileReference; lastKnownFileType = audio.wav; path = beep_j.wav; sourceTree = "<group>"; };
		00A00000000000000000002C /* beep_k.wav */ = {isa = PBXFileReference; lastKnownFileType = audio.wav; path = beep_k.wav; sourceTree = "<group>"; };
		00A00000000000000000002D /* beep_l.wav */ = {isa = PBXFileReference; lastKnownFileType = audio.wav; path = beep_l.wav; sourceTree = "<group>"; };
		00A000000000000000000030 /* Info.plist */ = {isa = PBXFileReference; lastKnownFileType = text.plist.xml; path = Info.plist; sourceTree = "<group>"; };
		00A0000000000000000000A0 /* SoundboardApp.app */ = {isa = PBXFileReference; explicitFileType = wrapper.application; includeInIndex = 0; path = SoundboardApp.app; sourceTree = BUILT_PRODUCTS_DIR; };
/* End PBXFileReference section */

/* Begin PBXFrameworksBuildPhase section */
		00A0000000000000000000F1 /* Frameworks */ = {
			isa = PBXFrameworksBuildPhase;
			buildActionMask = 2147483647;
			files = (
			);
			runOnlyForDeploymentPostprocessing = 0;
		};
/* End PBXFrameworksBuildPhase section */

/* Begin PBXGroup section */
		00A0000000000000000000B0 = {
			isa = PBXGroup;
			children = (
				00A0000000000000000000B1 /* SoundboardApp */,
				00A0000000000000000000C0 /* Products */,
			);
			sourceTree = "<group>";
		};
		00A0000000000000000000B1 /* SoundboardApp */ = {
			isa = PBXGroup;
			children = (
				00A000000000000000000030 /* Info.plist */,
				00A000000000000000000010 /* SoundboardAppApp.swift */,
				00A000000000000000000011 /* ContentView.swift */,
				00A0000000000000000000B2 /* Models */,
				00A0000000000000000000B3 /* Audio */,
				00A0000000000000000000B4 /* Resources */,
			);
			path = SoundboardApp;
			sourceTree = "<group>";
		};
		00A0000000000000000000B2 /* Models */ = {
			isa = PBXGroup;
			children = (
				00A000000000000000000012 /* SoundItem.swift */,
			);
			path = Models;
			sourceTree = "<group>";
		};
		00A0000000000000000000B3 /* Audio */ = {
			isa = PBXGroup;
			children = (
				00A000000000000000000013 /* AudioPlayer.swift */,
			);
			path = Audio;
			sourceTree = "<group>";
		};
		00A0000000000000000000B4 /* Resources */ = {
			isa = PBXGroup;
			children = (
				00A000000000000000000020 /* Assets.xcassets */,
				00A000000000000000000021 /* LaunchScreen.storyboard */,
				00A0000000000000000000B5 /* Sounds */,
			);
			path = Resources;
			sourceTree = "<group>";
		};
		00A0000000000000000000B5 /* Sounds */ = {
			isa = PBXGroup;
			children = (
				00A000000000000000000022 /* beep_a.wav */,
				00A000000000000000000023 /* beep_b.wav */,
				00A000000000000000000024 /* beep_c.wav */,
				00A000000000000000000025 /* beep_d.wav */,
				00A000000000000000000026 /* beep_e.wav */,
				00A000000000000000000027 /* beep_f.wav */,
				00A000000000000000000028 /* beep_g.wav */,
				00A000000000000000000029 /* beep_h.wav */,
				00A00000000000000000002A /* beep_i.wav */,
				00A00000000000000000002B /* beep_j.wav */,
				00A00000000000000000002C /* beep_k.wav */,
				00A00000000000000000002D /* beep_l.wav */,
			);
			path = Sounds;
			sourceTree = "<group>";
		};
		00A0000000000000000000C0 /* Products */ = {
			isa = PBXGroup;
			children = (
				00A0000000000000000000A0 /* SoundboardApp.app */,
			);
			name = Products;
			sourceTree = "<group>";
		};
/* End PBXGroup section */

/* Begin PBXNativeTarget section */
		00A0000000000000000000D0 /* SoundboardApp */ = {
			isa = PBXNativeTarget;
			buildConfigurationList = 00A0000000000000000000E0 /* Build configuration list for PBXNativeTarget "SoundboardApp" */;
			buildPhases = (
				00A0000000000000000000F0 /* Sources */,
				00A0000000000000000000F2 /* Resources */,
				00A0000000000000000000F1 /* Frameworks */,
			);
			buildRules = (
			);
			dependencies = (
			);
			name = SoundboardApp;
			productName = SoundboardApp;
			productReference = 00A0000000000000000000A0 /* SoundboardApp.app */;
			productType = "com.apple.product-type.application";
		};
/* End PBXNativeTarget section */

/* Begin PBXProject section */
		00A0000000000000000000AA /* Project object */ = {
			isa = PBXProject;
			attributes = {
				BuildIndependentTargetsInParallel = 1;
				LastSwiftUpdateCheck = 1500;
				LastUpgradeCheck = 1500;
				TargetAttributes = {
					00A0000000000000000000D0 = {
						CreatedOnToolsVersion = 15.0;
					};
				};
			};
			buildConfigurationList = 00A0000000000000000000E1 /* Build configuration list for PBXProject "SoundboardApp" */;
			compatibilityVersion = "Xcode 15.0";
			developmentRegion = en;
			hasScannedForEncodings = 0;
			knownRegions = (
				en,
				Base,
			);
			mainGroup = 00A0000000000000000000B0;
			productRefGroup = 00A0000000000000000000C0 /* Products */;
			projectDirPath = "";
			projectRoot = "";
			targets = (
				00A0000000000000000000D0 /* SoundboardApp */,
			);
		};
/* End PBXProject section */

/* Begin PBXResourcesBuildPhase section */
		00A0000000000000000000F2 /* Resources */ = {
			isa = PBXResourcesBuildPhase;
			buildActionMask = 2147483647;
			files = (
				00A000000000000000000005 /* Assets.xcassets in Resources */,
				00A000000000000000000006 /* LaunchScreen.storyboard in Resources */,
				00A000000000000000000007 /* beep_a.wav in Resources */,
				00A000000000000000000008 /* beep_b.wav in Resources */,
				00A000000000000000000200 /* beep_c.wav in Resources */,
				00A000000000000000000201 /* beep_d.wav in Resources */,
				00A000000000000000000202 /* beep_e.wav in Resources */,
				00A000000000000000000203 /* beep_f.wav in Resources */,
				00A000000000000000000204 /* beep_g.wav in Resources */,
				00A000000000000000000205 /* beep_h.wav in Resources */,
				00A000000000000000000206 /* beep_i.wav in Resources */,
				00A000000000000000000207 /* beep_j.wav in Resources */,
				00A000000000000000000208 /* beep_k.wav in Resources */,
				00A000000000000000000209 /* beep_l.wav in Resources */,
			);
			runOnlyForDeploymentPostprocessing = 0;
		};
/* End PBXResourcesBuildPhase section */

/* Begin PBXSourcesBuildPhase section */
		00A0000000000000000000F0 /* Sources */ = {
			isa = PBXSourcesBuildPhase;
			buildActionMask = 2147483647;
			files = (
				00A000000000000000000001 /* SoundboardAppApp.swift in Sources */,
				00A000000000000000000002 /* ContentView.swift in Sources */,
				00A000000000000000000003 /* SoundItem.swift in Sources */,
				00A000000000000000000004 /* AudioPlayer.swift in Sources */,
			);
			runOnlyForDeploymentPostprocessing = 0;
		};
/* End PBXSourcesBuildPhase section */

/* Begin XCBuildConfiguration section */
		00A000000000000000000100 /* Debug */ = {
			isa = XCBuildConfiguration;
			buildSettings = {
				ASSETCATALOG_COMPILER_APPICON_NAME = AppIcon;
				CLANG_ENABLE_MODULES = YES;
				CODE_SIGN_STYLE = Automatic;
				CURRENT_PROJECT_VERSION = 2;
				DEVELOPMENT_TEAM = C9DC7P35NV;
				ENABLE_PREVIEWS = YES;
				GENERATE_INFOPLIST_FILE = NO;
				INFOPLIST_FILE = SoundboardApp/Info.plist;
				IPHONEOS_DEPLOYMENT_TARGET = 17.0;
				LD_RUNPATH_SEARCH_PATHS = (
					"$(inherited)",
					"@executable_path/Frameworks",
				);
				MARKETING_VERSION = 1.0;
				PRODUCT_BUNDLE_IDENTIFIER = com.chaceraiter.soundboard;
				PRODUCT_NAME = "$(TARGET_NAME)";
				SDKROOT = iphoneos;
				SWIFT_VERSION = 5.0;
				TARGETED_DEVICE_FAMILY = 1;
			};
			name = Debug;
		};
		00A000000000000000000101 /* Release */ = {
			isa = XCBuildConfiguration;
			buildSettings = {
				ASSETCATALOG_COMPILER_APPICON_NAME = AppIcon;
				CLANG_ENABLE_MODULES = YES;
				CODE_SIGN_STYLE = Automatic;
				CURRENT_PROJECT_VERSION = 2;
				DEVELOPMENT_TEAM = C9DC7P35NV;
				ENABLE_PREVIEWS = YES;
				GENERATE_INFOPLIST_FILE = NO;
				INFOPLIST_FILE = SoundboardApp/Info.plist;
				IPHONEOS_DEPLOYMENT_TARGET = 17.0;
				LD_RUNPATH_SEARCH_PATHS = (
					"$(inherited)",
					"@executable_path/Frameworks",
				);
				MARKETING_VERSION = 1.0;
				PRODUCT_BUNDLE_IDENTIFIER = com.chaceraiter.soundboard;
				PRODUCT_NAME = "$(TARGET_NAME)";
				SDKROOT = iphoneos;
				SWIFT_VERSION = 5.0;
				TARGETED_DEVICE_FAMILY = 1;
			};
			name = Release;
		};
		00A000000000000000000110 /* Debug */ = {
			isa = XCBuildConfiguration;
			buildSettings = {
				ALWAYS_SEARCH_USER_PATHS = NO;
				CLANG_ANALYZER_NONNULL = YES;
				CLANG_ANALYZER_NUMBER_OBJECT_CONVERSION = YES_AGGRESSIVE;
				CLANG_CXX_LANGUAGE_STANDARD = "gnu++20";
				CLANG_CXX_LIBRARY = "libc++";
				CLANG_ENABLE_MODULES = YES;
				CLANG_ENABLE_OBJC_ARC = YES;
				CLANG_WARN_DOCUMENTATION_COMMENTS = YES;
				CLANG_WARN_QUOTED_INCLUDE_IN_FRAMEWORK_HEADER = YES;
				CLANG_WARN_UNGUARDED_AVAILABILITY = YES_AGGRESSIVE;
				CLANG_WARN_UNREACHABLE_CODE = YES;
				COPY_PHASE_STRIP = NO;
				DEBUG_INFORMATION_FORMAT = dwarf;
				ENABLE_TESTABILITY = YES;
				GCC_C_LANGUAGE_STANDARD = gnu17;
				ONLY_ACTIVE_ARCH = YES;
				SWIFT_COMPILATION_MODE = singlefile;
			};
			name = Debug;
		};
		00A000000000000000000111 /* Release */ = {
			isa = XCBuildConfiguration;
			buildSettings = {
				ALWAYS_SEARCH_USER_PATHS = NO;
				CLANG_ANALYZER_NONNULL = YES;
				CLANG_ANALYZER_NUMBER_OBJECT_CONVERSION = YES_AGGRESSIVE;
				CLANG_CXX_LANGUAGE_STANDARD = "gnu++20";
				CLANG_CXX_LIBRARY = "libc++";
				CLANG_ENABLE_MODULES = YES;
				CLANG_ENABLE_OBJC_ARC = YES;
				CLANG_WARN_DOCUMENTATION_COMMENTS = YES;
				CLANG_WARN_QUOTED_INCLUDE_IN_FRAMEWORK_HEADER = YES;
				CLANG_WARN_UNGUARDED_AVAILABILITY = YES_AGGRESSIVE;
				CLANG_WARN_UNREACHABLE_CODE = YES;
				COPY_PHASE_STRIP = YES;
				DEBUG_INFORMATION_FORMAT = "dwarf-with-dsym";
				GCC_C_LANGUAGE_STANDARD = gnu17;
				SWIFT_COMPILATION_MODE = wholemodule;
				VALIDATE_PRODUCT = YES;
			};
			name = Release;
		};
/* End XCBuildConfiguration section */

/* Begin XCConfigurationList section */
		00A0000000000000000000E0 /* Build configuration list for PBXNativeTarget "SoundboardApp" */ = {
			isa = XCConfigurationList;
			buildConfigurations = (
				00A000000000000000000100 /* Debug */,
				00A000000000000000000101 /* Release */,
			);
			defaultConfigurationIsVisible = 0;
			defaultConfigurationName = Debug;
		};
		00A0000000000000000000E1 /* Build configuration list for PBXProject "SoundboardApp" */ = {
			isa = XCConfigurationList;
			buildConfigurations = (
				00A000000000000000000110 /* Debug */,
				00A000000000000000000111 /* Release */,
			);
			defaultConfigurationIsVisible = 0;
			defaultConfigurationName = Debug;
		};
/* End XCConfigurationList section */
	};
	rootObject = 00A0000000000000000000AA /* Project object */;
}
